
Microsoft Visual Studio Solution File, Format Version 12.00
# Visual Studio 15
VisualStudioVersion = 15.0.27703.2042
MinimumVisualStudioVersion = 10.0.40219.1
Project("{FAE04EC0-301F-11D3-BF4B-00C04F79EFBC}") = "QuoteWebScraper", "QuoteWebScraper\QuoteWebScraper.csproj", "{3F8DD96D-CB64-442B-ACF8-A0B8F7DDE7AE}"
EndProject
Project("{FAE04EC0-301F-11D3-BF4B-00C04F79EFBC}") = "QuoteWebScraper.UnitTests", "QuoteWebScraper.UnitTests\QuoteWebScraper.UnitTests.csproj", "{30C3A2AF-FE6B-4685-B4AD-2FEE93497C15}"
EndProject
Global
	GlobalSection(SolutionConfigurationPlatforms) = preSolution
		Debug|Any CPU = Debug|Any CPU
		Release|Any CPU = Release|Any CPU
	EndGlobalSection
	GlobalSection(ProjectConfigurationPlatforms) = postSolution
		{3F8DD96D-CB64-442B-ACF8-A0B8F7DDE7AE}.Debug|Any CPU.ActiveCfg = Debug|Any CPU
		{3F8DD96D-CB64-442B-ACF8-A0B8F7DDE7AE}.Debug|Any CPU.Build.0 = Debug|Any CPU
		{3F8DD96D-CB64-442B-ACF8-A0B8F7DDE7AE}.Release|Any CPU.ActiveCfg = Release|Any CPU
		{3F8DD96D-CB64-442B-ACF8-A0B8F7DDE7AE}.Release|Any CPU.Build.0 = Release|Any CPU
		{30C3A2AF-FE6B-4685-B4AD-2FEE93497C15}.Debug|Any CPU.ActiveCfg = Debug|Any CPU
		{30C3A2AF-FE6B-4685-B4AD-2FEE93497C15}.Debug|Any CPU.Build.0 = Debug|Any CPU
		{30C3A2AF-FE6B-4685-B4AD-2FEE93497C15}.Release|Any CPU.ActiveCfg = Release|Any CPU
		{30C3A2AF-FE6B-4685-B4AD-2FEE93497C15}.Release|Any CPU.Build.0 = Release|Any CPU
	EndGlobalSection
	GlobalSection(SolutionProperties) = preSolution
		HideSolutionNode = FALSE
	EndGlobalSection
	GlobalSection(ExtensibilityGlobals) = postSolution
		SolutionGuid = {72E2FCAE-D69D-47CD-9BF3-D489D3EAC283}
	EndGlobalSection
EndGlobal
